
Microsoft Visual Studio Solution File, Format Version 12.00
Project("{FAE04EC0-301F-11D3-BF4B-00C04F79EFBC}") = "Scp3114Mods", "Scp3114Mods\Scp3114Mods.csproj", "{0CB6DF27-6EBD-4B1F-8634-D24597D1D349}"
EndProject
Global
	GlobalSection(SolutionConfigurationPlatforms) = preSolution
		NWApi|Any CPU = NWApi|Any CPU
		EXILED|Any CPU = EXILED|Any CPU
	EndGlobalSection
	GlobalSection(ProjectConfigurationPlatforms) = postSolution
		{0CB6DF27-6EBD-4B1F-8634-D24597D1D349}.NWApi|Any CPU.ActiveCfg = NWApi|Any CPU
		{0CB6DF27-6EBD-4B1F-8634-D24597D1D349}.NWApi|Any CPU.Build.0 = NWApi|Any CPU
		{0CB6DF27-6EBD-4B1F-8634-D24597D1D349}.EXILED|Any CPU.ActiveCfg = EXILED|Any CPU
		{0CB6DF27-6EBD-4B1F-8634-D24597D1D349}.EXILED|Any CPU.Build.0 = EXILED|Any CPU
	EndGlobalSection
EndGlobal
